// !$*UTF8*$!
{
	archiveVersion = 1;
	classes = {
	};
	objectVersion = 46;
	objects = {

/* Begin PBXBuildFile section */
		0F05DD8B1667134F001F600C /* MyCell.m in Sources */ = {isa = PBXBuildFile; fileRef = 0F05DD8A1667134F001F600C /* MyCell.m */; };
		0F05DDA7166724B4001F600C /* NSObject+SBJSON.m in Sources */ = {isa = PBXBuildFile; fileRef = 0F05DD9C166724B4001F600C /* NSObject+SBJSON.m */; };
		0F05DDA8166724B4001F600C /* NSString+SBJSON.m in Sources */ = {isa = PBXBuildFile; fileRef = 0F05DD9E166724B4001F600C /* NSString+SBJSON.m */; };
		0F05DDA9166724B4001F600C /* SBJSON.m in Sources */ = {isa = PBXBuildFile; fileRef = 0F05DDA0166724B4001F600C /* SBJSON.m */; };
		0F05DDAA166724B4001F600C /* SBJsonBase.m in Sources */ = {isa = PBXBuildFile; fileRef = 0F05DDA2166724B4001F600C /* SBJsonBase.m */; };
		0F05DDAB166724B4001F600C /* SBJsonParser.m in Sources */ = {isa = PBXBuildFile; fileRef = 0F05DDA4166724B4001F600C /* SBJsonParser.m */; };
		0F05DDAC166724B4001F600C /* SBJsonWriter.m in Sources */ = {isa = PBXBuildFile; fileRef = 0F05DDA6166724B4001F600C /* SBJsonWriter.m */; };
		0F8EFB4A1664C06200909256 /* UIKit.framework in Frameworks */ = {isa = PBXBuildFile; fileRef = 0F8EFB491664C06200909256 /* UIKit.framework */; };
		0F8EFB4C1664C06200909256 /* Foundation.framework in Frameworks */ = {isa = PBXBuildFile; fileRef = 0F8EFB4B1664C06200909256 /* Foundation.framework */; };
		0F8EFB4E1664C06200909256 /* CoreGraphics.framework in Frameworks */ = {isa = PBXBuildFile; fileRef = 0F8EFB4D1664C06200909256 /* CoreGraphics.framework */; };
		0F8EFB541664C06200909256 /* InfoPlist.strings in Resources */ = {isa = PBXBuildFile; fileRef = 0F8EFB521664C06200909256 /* InfoPlist.strings */; };
		0F8EFB561664C06200909256 /* main.m in Sources */ = {isa = PBXBuildFile; fileRef = 0F8EFB551664C06200909256 /* main.m */; };
		0F8EFB5A1664C06200909256 /* AppDelegate.m in Sources */ = {isa = PBXBuildFile; fileRef = 0F8EFB591664C06200909256 /* AppDelegate.m */; };
		0F8EFBF61664D66E00909256 /* addM.png in Resources */ = {isa = PBXBuildFile; fileRef = 0F8EFB711664D66E00909256 /* addM.png */; };
		0F8EFBF71664D66E00909256 /* buycar.png in Resources */ = {isa = PBXBuildFile; fileRef = 0F8EFB721664D66E00909256 /* buycar.png */; };
		0F8EFBF81664D66E00909256 /* back.png in Resources */ = {isa = PBXBuildFile; fileRef = 0F8EFB741664D66E00909256 /* back.png */; };
		0F8EFBF91664D66E00909256 /* cart.png in Resources */ = {isa = PBXBuildFile; fileRef = 0F8EFB751664D66E00909256 /* cart.png */; };
		0F8EFBFA1664D66E00909256 /* detailbutton.png in Resources */ = {isa = PBXBuildFile; fileRef = 0F8EFB761664D66E00909256 /* detailbutton.png */; };
		0F8EFBFB1664D66E00909256 /* jiankong.png in Resources */ = {isa = PBXBuildFile; fileRef = 0F8EFB771664D66E00909256 /* jiankong.png */; };
		0F8EFBFC1664D66E00909256 /* jianpan.png in Resources */ = {isa = PBXBuildFile; fileRef = 0F8EFB781664D66E00909256 /* jianpan.png */; };
		0F8EFBFD1664D66E00909256 /* keep.png in Resources */ = {isa = PBXBuildFile; fileRef = 0F8EFB791664D66E00909256 /* keep.png */; };
		0F8EFBFE1664D66E00909256 /* background_more.png in Resources */ = {isa = PBXBuildFile; fileRef = 0F8EFB7B1664D66E00909256 /* background_more.png */; };
		0F8EFBFF1664D66E00909256 /* rightbutton_more.png in Resources */ = {isa = PBXBuildFile; fileRef = 0F8EFB7C1664D66E00909256 /* rightbutton_more.png */; };
		0F8EFC001664D66E00909256 /* search_more.png in Resources */ = {isa = PBXBuildFile; fileRef = 0F8EFB7D1664D66E00909256 /* search_more.png */; };
		0F8EFC011664D66E00909256 /* search_more_1.png in Resources */ = {isa = PBXBuildFile; fileRef = 0F8EFB7E1664D66E00909256 /* search_more_1.png */; };
		0F8EFC021664D66E00909256 /* suffbutton_more.png in Resources */ = {isa = PBXBuildFile; fileRef = 0F8EFB7F1664D66E00909256 /* suffbutton_more.png */; };
		0F8EFC031664D66E00909256 /* notselected.png in Resources */ = {isa = PBXBuildFile; fileRef = 0F8EFB801664D66E00909256 /* notselected.png */; };
		0F8EFC041664D66E00909256 /* background_one.png in Resources */ = {isa = PBXBuildFile; fileRef = 0F8EFB821664D66E00909256 /* background_one.png */; };
		0F8EFC051664D66E00909256 /* backimage_one.png in Resources */ = {isa = PBXBuildFile; fileRef = 0F8EFB831664D66E00909256 /* backimage_one.png */; };
		0F8EFC061664D66E00909256 /* button_one.png in Resources */ = {isa = PBXBuildFile; fileRef = 0F8EFB841664D66E00909256 /* button_one.png */; };
		0F8EFC071664D66E00909256 /* monit.png in Resources */ = {isa = PBXBuildFile; fileRef = 0F8EFB851664D66E00909256 /* monit.png */; };
		0F8EFC081664D66E00909256 /* result_one.png in Resources */ = {isa = PBXBuildFile; fileRef = 0F8EFB861664D66E00909256 /* result_one.png */; };
		0F8EFC091664D66E00909256 /* rightbutton.png in Resources */ = {isa = PBXBuildFile; fileRef = 0F8EFB871664D66E00909256 /* rightbutton.png */; };
		0F8EFC0A1664D66E00909256 /* seachbox.png in Resources */ = {isa = PBXBuildFile; fileRef = 0F8EFB881664D66E00909256 /* seachbox.png */; };
		0F8EFC0B1664D66E00909256 /* searchbar.png in Resources */ = {isa = PBXBuildFile; fileRef = 0F8EFB891664D66E00909256 /* searchbar.png */; };
		0F8EFC0C1664D66E00909256 /* selected.png in Resources */ = {isa = PBXBuildFile; fileRef = 0F8EFB8A1664D66E00909256 /* selected.png */; };
		0F8EFC0D1664D66E00909256 /* top.png in Resources */ = {isa = PBXBuildFile; fileRef = 0F8EFB8B1664D66E00909256 /* top.png */; };
		0F8EFC0E1664D66E00909256 /* Default.png in Resources */ = {isa = PBXBuildFile; fileRef = 0F8EFB8D1664D66E00909256 /* Default.png */; };
		0F8EFC0F1664D66E00909256 /* Default@2x.png in Resources */ = {isa = PBXBuildFile; fileRef = 0F8EFB8E1664D66E00909256 /* Default@2x.png */; };
		0F8EFC101664D66E00909256 /* denglu.png in Resources */ = {isa = PBXBuildFile; fileRef = 0F8EFB8F1664D66E00909256 /* denglu.png */; };
		0F8EFC111664D66E00909256 /* domain_add.png in Resources */ = {isa = PBXBuildFile; fileRef = 0F8EFB911664D66E00909256 /* domain_add.png */; };
		0F8EFC121664D66E00909256 /* domain_addbutton.png in Resources */ = {isa = PBXBuildFile; fileRef = 0F8EFB921664D66E00909256 /* domain_addbutton.png */; };
		0F8EFC131664D66E00909256 /* domain_bt.png in Resources */ = {isa = PBXBuildFile; fileRef = 0F8EFB931664D66E00909256 /* domain_bt.png */; };
		0F8EFC141664D66E00909256 /* domain_change.png in Resources */ = {isa = PBXBuildFile; fileRef = 0F8EFB941664D66E00909256 /* domain_change.png */; };
		0F8EFC151664D66E00909256 /* domain_changebutton.png in Resources */ = {isa = PBXBuildFile; fileRef = 0F8EFB951664D66E00909256 /* domain_changebutton.png */; };
		0F8EFC161664D66E00909256 /* domain_delbutton.png in Resources */ = {isa = PBXBuildFile; fileRef = 0F8EFB961664D66E00909256 /* domain_delbutton.png */; };
		0F8EFC171664D66E00909256 /* domain_head.png in Resources */ = {isa = PBXBuildFile; fileRef = 0F8EFB971664D66E00909256 /* domain_head.png */; };
		0F8EFC181664D66E00909256 /* domain_topground.png in Resources */ = {isa = PBXBuildFile; fileRef = 0F8EFB981664D66E00909256 /* domain_topground.png */; };
		0F8EFC191664D66E00909256 /* fu1.png in Resources */ = {isa = PBXBuildFile; fileRef = 0F8EFB991664D66E00909256 /* fu1.png */; };
		0F8EFC1A1664D66E00909256 /* fu2.png in Resources */ = {isa = PBXBuildFile; fileRef = 0F8EFB9A1664D66E00909256 /* fu2.png */; };
		0F8EFC1B1664D66E00909256 /* fu3.png in Resources */ = {isa = PBXBuildFile; fileRef = 0F8EFB9B1664D66E00909256 /* fu3.png */; };
		0F8EFC1C1664D66E00909256 /* fu4.png in Resources */ = {isa = PBXBuildFile; fileRef = 0F8EFB9C1664D66E00909256 /* fu4.png */; };
		0F8EFC1D1664D66E00909256 /* fu5.png in Resources */ = {isa = PBXBuildFile; fileRef = 0F8EFB9D1664D66E00909256 /* fu5.png */; };
		0F8EFC1E1664D66E00909256 /* fu6.png in Resources */ = {isa = PBXBuildFile; fileRef = 0F8EFB9E1664D66E00909256 /* fu6.png */; };
		0F8EFC1F1664D66E00909256 /* background_home.png in Resources */ = {isa = PBXBuildFile; fileRef = 0F8EFBA01664D66E00909256 /* background_home.png */; };
		0F8EFC201664D66E00909256 /* check_home.png in Resources */ = {isa = PBXBuildFile; fileRef = 0F8EFBA11664D66E00909256 /* check_home.png */; };
		0F8EFC211664D66E00909256 /* con_home.png in Resources */ = {isa = PBXBuildFile; fileRef = 0F8EFBA21664D66E00909256 /* con_home.png */; };
		0F8EFC221664D66E00909256 /* exam_home.png in Resources */ = {isa = PBXBuildFile; fileRef = 0F8EFBA31664D66E00909256 /* exam_home.png */; };
		0F8EFC231664D66E00909256 /* infor_home.png in Resources */ = {isa = PBXBuildFile; fileRef = 0F8EFBA41664D66E00909256 /* infor_home.png */; };
		0F8EFC241664D66E00909256 /* monitor_home.png in Resources */ = {isa = PBXBuildFile; fileRef = 0F8EFBA51664D66E00909256 /* monitor_home.png */; };
		0F8EFC251664D66E00909256 /* scoll_home.png in Resources */ = {isa = PBXBuildFile; fileRef = 0F8EFBA61664D66E00909256 /* scoll_home.png */; };
		0F8EFC261664D66E00909256 /* seting_home.png in Resources */ = {isa = PBXBuildFile; fileRef = 0F8EFBA71664D66E00909256 /* seting_home.png */; };
		0F8EFC271664D66E00909256 /* Icon-72.png in Resources */ = {isa = PBXBuildFile; fileRef = 0F8EFBA91664D66E00909256 /* Icon-72.png */; };
		0F8EFC281664D66E00909256 /* Icon-72@2x.png in Resources */ = {isa = PBXBuildFile; fileRef = 0F8EFBAA1664D66E00909256 /* Icon-72@2x.png */; };
		0F8EFC291664D66E00909256 /* Icon-Small.png in Resources */ = {isa = PBXBuildFile; fileRef = 0F8EFBAB1664D66E00909256 /* Icon-Small.png */; };
		0F8EFC2A1664D66E00909256 /* Icon-Small@2x.png in Resources */ = {isa = PBXBuildFile; fileRef = 0F8EFBAC1664D66E00909256 /* Icon-Small@2x.png */; };
		0F8EFC2B1664D66E00909256 /* Icon.png in Resources */ = {isa = PBXBuildFile; fileRef = 0F8EFBAD1664D66E00909256 /* Icon.png */; };
		0F8EFC2C1664D66E00909256 /* Icon@2x.png in Resources */ = {isa = PBXBuildFile; fileRef = 0F8EFBAE1664D66E00909256 /* Icon@2x.png */; };
		0F8EFC2D1664D66E00909256 /* 按下.png in Resources */ = {isa = PBXBuildFile; fileRef = 0F8EFBB01664D66E00909256 /* 按下.png */; };
		0F8EFC2E1664D66E00909256 /* 按钮.png in Resources */ = {isa = PBXBuildFile; fileRef = 0F8EFBB11664D66E00909256 /* 按钮.png */; };
		0F8EFC2F1664D66E00909256 /* 按钮2.png in Resources */ = {isa = PBXBuildFile; fileRef = 0F8EFBB21664D66E00909256 /* 按钮2.png */; };
		0F8EFC301664D66E00909256 /* 文件.png in Resources */ = {isa = PBXBuildFile; fileRef = 0F8EFBB31664D66E00909256 /* 文件.png */; };
		0F8EFC311664D66E00909256 /* 横条2.png in Resources */ = {isa = PBXBuildFile; fileRef = 0F8EFBB41664D66E00909256 /* 横条2.png */; };
		0F8EFC321664D66E00909256 /* 横条背景.png in Resources */ = {isa = PBXBuildFile; fileRef = 0F8EFBB51664D66E00909256 /* 横条背景.png */; };
		0F8EFC331664D66E00909256 /* login_background.png in Resources */ = {isa = PBXBuildFile; fileRef = 0F8EFBB71664D66E00909256 /* login_background.png */; };
		0F8EFC341664D66E00909256 /* login_box.png in Resources */ = {isa = PBXBuildFile; fileRef = 0F8EFBB81664D66E00909256 /* login_box.png */; };
		0F8EFC351664D66E00909256 /* login_button.png in Resources */ = {isa = PBXBuildFile; fileRef = 0F8EFBB91664D66E00909256 /* login_button.png */; };
		0F8EFC361664D66E00909256 /* login_down.png in Resources */ = {isa = PBXBuildFile; fileRef = 0F8EFBBA1664D66E00909256 /* login_down.png */; };
		0F8EFC371664D66E00909256 /* 叹号.png in Resources */ = {isa = PBXBuildFile; fileRef = 0F8EFBBB1664D66E00909256 /* 叹号.png */; };
		0F8EFC381664D66E00909256 /* 问号.png in Resources */ = {isa = PBXBuildFile; fileRef = 0F8EFBBC1664D66E00909256 /* 问号.png */; };
		0F8EFC391664D66E00909256 /* monitormore.png in Resources */ = {isa = PBXBuildFile; fileRef = 0F8EFBBD1664D66E00909256 /* monitormore.png */; };
		0F8EFC3A1664D66E00909256 /* searchbg.png in Resources */ = {isa = PBXBuildFile; fileRef = 0F8EFBBE1664D66E00909256 /* searchbg.png */; };
		0F8EFC3B1664D66E00909256 /* searchkkk.png in Resources */ = {isa = PBXBuildFile; fileRef = 0F8EFBBF1664D66E00909256 /* searchkkk.png */; };
		0F8EFC3C1664D66E00909256 /* canceled.png in Resources */ = {isa = PBXBuildFile; fileRef = 0F8EFBC11664D66E00909256 /* canceled.png */; };
		0F8EFC3D1664D66E00909256 /* delete_history.png in Resources */ = {isa = PBXBuildFile; fileRef = 0F8EFBC21664D66E00909256 /* delete_history.png */; };
		0F8EFC3E1664D66E00909256 /* set_box.png in Resources */ = {isa = PBXBuildFile; fileRef = 0F8EFBC31664D66E00909256 /* set_box.png */; };
		0F8EFC3F1664D66E00909256 /* set_chbutton.png in Resources */ = {isa = PBXBuildFile; fileRef = 0F8EFBC41664D66E00909256 /* set_chbutton.png */; };
		0F8EFC401664D66E00909256 /* set_logo.png in Resources */ = {isa = PBXBuildFile; fileRef = 0F8EFBC51664D66E00909256 /* set_logo.png */; };
		0F8EFC411664D66E00909256 /* set_refview.png in Resources */ = {isa = PBXBuildFile; fileRef = 0F8EFBC61664D66E00909256 /* set_refview.png */; };
		0F8EFC421664D66E00909256 /* set_view.png in Resources */ = {isa = PBXBuildFile; fileRef = 0F8EFBC71664D66E00909256 /* set_view.png */; };
		0F8EFC431664D66E00909256 /* slogan.png in Resources */ = {isa = PBXBuildFile; fileRef = 0F8EFBC81664D66E00909256 /* slogan.png */; };
		0F8EFC441664D66E00909256 /* 多域名查询白框.png in Resources */ = {isa = PBXBuildFile; fileRef = 0F8EFBC91664D66E00909256 /* 多域名查询白框.png */; };
		0F8EFC451664D66E00909256 /* suffix_background.png in Resources */ = {isa = PBXBuildFile; fileRef = 0F8EFBCB1664D66E00909256 /* suffix_background.png */; };
		0F8EFC461664D66E00909256 /* suffix_line.png in Resources */ = {isa = PBXBuildFile; fileRef = 0F8EFBCC1664D66E00909256 /* suffix_line.png */; };
		0F8EFC471664D66E00909256 /* suffix_notselected.png in Resources */ = {isa = PBXBuildFile; fileRef = 0F8EFBCD1664D66E00909256 /* suffix_notselected.png */; };
		0F8EFC481664D66E00909256 /* suffix_selected.png in Resources */ = {isa = PBXBuildFile; fileRef = 0F8EFBCE1664D66E00909256 /* suffix_selected.png */; };
		0F8EFC491664D66E00909256 /* smile.png in Resources */ = {isa = PBXBuildFile; fileRef = 0F8EFBD01664D66E00909256 /* smile.png */; };
		0F8EFC4A1664D66E00909256 /* test_button.png in Resources */ = {isa = PBXBuildFile; fileRef = 0F8EFBD11664D66E00909256 /* test_button.png */; };
		0F8EFC4B1664D66E00909256 /* test_detal.png in Resources */ = {isa = PBXBuildFile; fileRef = 0F8EFBD21664D66E00909256 /* test_detal.png */; };
		0F8EFC4C1664D66E00909256 /* test_graybutton.png in Resources */ = {isa = PBXBuildFile; fileRef = 0F8EFBD31664D66E00909256 /* test_graybutton.png */; };
		0F8EFC4D1664D66E00909256 /* test_ground.png in Resources */ = {isa = PBXBuildFile; fileRef = 0F8EFBD41664D66E00909256 /* test_ground.png */; };
		0F8EFC4E1664D66E00909256 /* test_jiankong.png in Resources */ = {isa = PBXBuildFile; fileRef = 0F8EFBD51664D66E00909256 /* test_jiankong.png */; };
		0F8EFC4F1664D66E00909256 /* test_pickground.png in Resources */ = {isa = PBXBuildFile; fileRef = 0F8EFBD61664D66E00909256 /* test_pickground.png */; };
		0F8EFC501664D66E00909256 /* test_return.png in Resources */ = {isa = PBXBuildFile; fileRef = 0F8EFBD71664D66E00909256 /* test_return.png */; };
		0F8EFC511664D66E00909256 /* test_seach.png in Resources */ = {isa = PBXBuildFile; fileRef = 0F8EFBD81664D66E00909256 /* test_seach.png */; };
		0F8EFC521664D66E00909256 /* test_seachback.png in Resources */ = {isa = PBXBuildFile; fileRef = 0F8EFBD91664D66E00909256 /* test_seachback.png */; };
		0F8EFC531664D66E00909256 /* whois_传真.png in Resources */ = {isa = PBXBuildFile; fileRef = 0F8EFBDB1664D66E00909256 /* whois_传真.png */; };
		0F8EFC541664D66E00909256 /* whois_体检.png in Resources */ = {isa = PBXBuildFile; fileRef = 0F8EFBDC1664D66E00909256 /* whois_体检.png */; };
		0F8EFC551664D66E00909256 /* whois_单位.png in Resources */ = {isa = PBXBuildFile; fileRef = 0F8EFBDD1664D66E00909256 /* whois_单位.png */; };
		0F8EFC561664D66E00909256 /* whois_地址.png in Resources */ = {isa = PBXBuildFile; fileRef = 0F8EFBDE1664D66E00909256 /* whois_地址.png */; };
		0F8EFC571664D66E00909256 /* whois_域名.png in Resources */ = {isa = PBXBuildFile; fileRef = 0F8EFBDF1664D66E00909256 /* whois_域名.png */; };
		0F8EFC581664D66E00909256 /* whois_收藏图标.png in Resources */ = {isa = PBXBuildFile; fileRef = 0F8EFBE01664D66E00909256 /* whois_收藏图标.png */; };
		0F8EFC591664D66E00909256 /* whois_时间.png in Resources */ = {isa = PBXBuildFile; fileRef = 0F8EFBE11664D66E00909256 /* whois_时间.png */; };
		0F8EFC5A1664D66E00909256 /* whois_服务器.png in Resources */ = {isa = PBXBuildFile; fileRef = 0F8EFBE21664D66E00909256 /* whois_服务器.png */; };
		0F8EFC5B1664D66E00909256 /* whois_注册人姓名.png in Resources */ = {isa = PBXBuildFile; fileRef = 0F8EFBE31664D66E00909256 /* whois_注册人姓名.png */; };
		0F8EFC5C1664D66E00909256 /* whois_注册商.png in Resources */ = {isa = PBXBuildFile; fileRef = 0F8EFBE41664D66E00909256 /* whois_注册商.png */; };
		0F8EFC5D1664D66E00909256 /* whois_状态.png in Resources */ = {isa = PBXBuildFile; fileRef = 0F8EFBE51664D66E00909256 /* whois_状态.png */; };
		0F8EFC5E1664D66E00909256 /* whois_电话.png in Resources */ = {isa = PBXBuildFile; fileRef = 0F8EFBE61664D66E00909256 /* whois_电话.png */; };
		0F8EFC5F1664D66E00909256 /* whois_背景.png in Resources */ = {isa = PBXBuildFile; fileRef = 0F8EFBE71664D66E00909256 /* whois_背景.png */; };
		0F8EFC601664D66E00909256 /* whois_输入框.png in Resources */ = {isa = PBXBuildFile; fileRef = 0F8EFBE81664D66E00909256 /* whois_输入框.png */; };
		0F8EFC611664D66E00909256 /* whois_邮箱.png in Resources */ = {isa = PBXBuildFile; fileRef = 0F8EFBE91664D66E00909256 /* whois_邮箱.png */; };
		0F8EFC621664D66E00909256 /* 右侧按钮.png in Resources */ = {isa = PBXBuildFile; fileRef = 0F8EFBEA1664D66E00909256 /* 右侧按钮.png */; };
		0F8EFC631664D66E00909256 /* set_delallbutton.png in Resources */ = {isa = PBXBuildFile; fileRef = 0F8EFBEC1664D66E00909256 /* set_delallbutton.png */; };
		0F8EFC641664D66E00909256 /* set_downbutton.png in Resources */ = {isa = PBXBuildFile; fileRef = 0F8EFBED1664D66E00909256 /* set_downbutton.png */; };
		0F8EFC651664D66E00909256 /* set_titlebutton.png in Resources */ = {isa = PBXBuildFile; fileRef = 0F8EFBEE1664D66E00909256 /* set_titlebutton.png */; };
		0F8EFC661664D66E00909256 /* 消息推送按钮.png in Resources */ = {isa = PBXBuildFile; fileRef = 0F8EFBEF1664D66E00909256 /* 消息推送按钮.png */; };
		0F8EFC671664D66E00909256 /* 消息推送按钮on.png in Resources */ = {isa = PBXBuildFile; fileRef = 0F8EFBF01664D66E00909256 /* 消息推送按钮on.png */; };
		0F8EFC681664D66E00909256 /* 收藏.png in Resources */ = {isa = PBXBuildFile; fileRef = 0F8EFBF11664D66E00909256 /* 收藏.png */; };
		0F8EFC691664D66E00909256 /* 监控按钮.png in Resources */ = {isa = PBXBuildFile; fileRef = 0F8EFBF21664D66E00909256 /* 监控按钮.png */; };
		0F8EFC6A1664D66E00909256 /* 编辑.png in Resources */ = {isa = PBXBuildFile; fileRef = 0F8EFBF31664D66E00909256 /* 编辑.png */; };
		0F8EFC6B1664D66E00909256 /* 背景.png in Resources */ = {isa = PBXBuildFile; fileRef = 0F8EFBF41664D66E00909256 /* 背景.png */; };
		0F8EFC6C1664D66E00909256 /* 返回按钮.png in Resources */ = {isa = PBXBuildFile; fileRef = 0F8EFBF51664D66E00909256 /* 返回按钮.png */; };
		0F8EFC701664D86A00909256 /* VIewController.m in Sources */ = {isa = PBXBuildFile; fileRef = 0F8EFC6F1664D86A00909256 /* VIewController.m */; };
		0F8EFC721664D8F800909256 /* iCarousel.m in Sources */ = {isa = PBXBuildFile; fileRef = 0F8EFC711664D8F800909256 /* iCarousel.m */; };
		0F8EFC751664D93F00909256 /* QuartzCore.framework in Frameworks */ = {isa = PBXBuildFile; fileRef = 0F8EFC741664D93E00909256 /* QuartzCore.framework */; };
		0F8FD0DF1665BBC200572E6D /* YumingVXC.m in Sources */ = {isa = PBXBuildFile; fileRef = 0F8FD0DD1665BBC200572E6D /* YumingVXC.m */; };
		0F8FD0E01665BBC200572E6D /* YumingVXC.xib in Resources */ = {isa = PBXBuildFile; fileRef = 0F8FD0DE1665BBC200572E6D /* YumingVXC.xib */; };
		0F8FD0E41665BBF600572E6D /* ZixunVC.m in Sources */ = {isa = PBXBuildFile; fileRef = 0F8FD0E21665BBF600572E6D /* ZixunVC.m */; };
		0F8FD0E51665BBF600572E6D /* ZixunVC.xib in Resources */ = {isa = PBXBuildFile; fileRef = 0F8FD0E31665BBF600572E6D /* ZixunVC.xib */; };
		0F8FD0EE1665BC3200572E6D /* GuanliVC.m in Sources */ = {isa = PBXBuildFile; fileRef = 0F8FD0EC1665BC3200572E6D /* GuanliVC.m */; };
		0F8FD0EF1665BC3200572E6D /* GuanliVC.xib in Resources */ = {isa = PBXBuildFile; fileRef = 0F8FD0ED1665BC3200572E6D /* GuanliVC.xib */; };
		0F8FD0F31665BC4800572E6D /* CaxunVC.m in Sources */ = {isa = PBXBuildFile; fileRef = 0F8FD0F11665BC4800572E6D /* CaxunVC.m */; };
		0F8FD0F41665BC4800572E6D /* CaxunVC.xib in Resources */ = {isa = PBXBuildFile; fileRef = 0F8FD0F21665BC4800572E6D /* CaxunVC.xib */; };
		0F8FD0F81665BC6600572E6D /* ShezhiVC.m in Sources */ = {isa = PBXBuildFile; fileRef = 0F8FD0F61665BC6600572E6D /* ShezhiVC.m */; };
		0F8FD0F91665BC6600572E6D /* ShezhiVC.xib in Resources */ = {isa = PBXBuildFile; fileRef = 0F8FD0F71665BC6600572E6D /* ShezhiVC.xib */; };
		0F8FD0FD1665C76800572E6D /* TijianVC.m in Sources */ = {isa = PBXBuildFile; fileRef = 0F8FD0FB1665C76800572E6D /* TijianVC.m */; };
		0F8FD0FE1665C76800572E6D /* TijianVC.xib in Resources */ = {isa = PBXBuildFile; fileRef = 0F8FD0FC1665C76800572E6D /* TijianVC.xib */; };
/* End PBXBuildFile section */

/* Begin PBXFileReference section */
		0F05DD891667134F001F600C /* MyCell.h */ = {isa = PBXFileReference; fileEncoding = 4; lastKnownFileType = sourcecode.c.h; path = MyCell.h; sourceTree = "<group>"; };
		0F05DD8A1667134F001F600C /* MyCell.m */ = {isa = PBXFileReference; fileEncoding = 4; lastKnownFileType = sourcecode.c.objc; path = MyCell.m; sourceTree = "<group>"; };
		0F05DD9A166724B4001F600C /* JSON.h */ = {isa = PBXFileReference; fileEncoding = 4; lastKnownFileType = sourcecode.c.h; path = JSON.h; sourceTree = "<group>"; };
		0F05DD9B166724B4001F600C /* NSObject+SBJSON.h */ = {isa = PBXFileReference; fileEncoding = 4; lastKnownFileType = sourcecode.c.h; path = "NSObject+SBJSON.h"; sourceTree = "<group>"; };
		0F05DD9C166724B4001F600C /* NSObject+SBJSON.m */ = {isa = PBXFileReference; fileEncoding = 4; lastKnownFileType = sourcecode.c.objc; path = "NSObject+SBJSON.m"; sourceTree = "<group>"; };
		0F05DD9D166724B4001F600C /* NSString+SBJSON.h */ = {isa = PBXFileReference; fileEncoding = 4; lastKnownFileType = sourcecode.c.h; path = "NSString+SBJSON.h"; sourceTree = "<group>"; };
		0F05DD9E166724B4001F600C /* NSString+SBJSON.m */ = {isa = PBXFileReference; fileEncoding = 4; lastKnownFileType = sourcecode.c.objc; path = "NSString+SBJSON.m"; sourceTree = "<group>"; };
		0F05DD9F166724B4001F600C /* SBJSON.h */ = {isa = PBXFileReference; fileEncoding = 4; lastKnownFileType = sourcecode.c.h; path = SBJSON.h; sourceTree = "<group>"; };
		0F05DDA0166724B4001F600C /* SBJSON.m */ = {isa = PBXFileReference; fileEncoding = 4; lastKnownFileType = sourcecode.c.objc; path = SBJSON.m; sourceTree = "<group>"; };
		0F05DDA1166724B4001F600C /* SBJsonBase.h */ = {isa = PBXFileReference; fileEncoding = 4; lastKnownFileType = sourcecode.c.h; path = SBJsonBase.h; sourceTree = "<group>"; };
		0F05DDA2166724B4001F600C /* SBJsonBase.m */ = {isa = PBXFileReference; fileEncoding = 4; lastKnownFileType = sourcecode.c.objc; path = SBJsonBase.m; sourceTree = "<group>"; };
		0F05DDA3166724B4001F600C /* SBJsonParser.h */ = {isa = PBXFileReference; fileEncoding = 4; lastKnownFileType = sourcecode.c.h; path = SBJsonParser.h; sourceTree = "<group>"; };
		0F05DDA4166724B4001F600C /* SBJsonParser.m */ = {isa = PBXFileReference; fileEncoding = 4; lastKnownFileType = sourcecode.c.objc; path = SBJsonParser.m; sourceTree = "<group>"; };
		0F05DDA5166724B4001F600C /* SBJsonWriter.h */ = {isa = PBXFileReference; fileEncoding = 4; lastKnownFileType = sourcecode.c.h; path = SBJsonWriter.h; sourceTree = "<group>"; };
		0F05DDA6166724B4001F600C /* SBJsonWriter.m */ = {isa = PBXFileReference; fileEncoding = 4; lastKnownFileType = sourcecode.c.objc; path = SBJsonWriter.m; sourceTree = "<group>"; };
		0F8EFB451664C06200909256 /* 万维网.app */ = {isa = PBXFileReference; explicitFileType = wrapper.application; includeInIndex = 0; path = "万维网.app"; sourceTree = BUILT_PRODUCTS_DIR; };
		0F8EFB491664C06200909256 /* UIKit.framework */ = {isa = PBXFileReference; lastKnownFileType = wrapper.framework; name = UIKit.framework; path = System/Library/Frameworks/UIKit.framework; sourceTree = SDKROOT; };
		0F8EFB4B1664C06200909256 /* Foundation.framework */ = {isa = PBXFileReference; lastKnownFileType = wrapper.framework; name = Foundation.framework; path = System/Library/Frameworks/Foundation.framework; sourceTree = SDKROOT; };
		0F8EFB4D1664C06200909256 /* CoreGraphics.framework */ = {isa = PBXFileReference; lastKnownFileType = wrapper.framework; name = CoreGraphics.framework; path = System/Library/Frameworks/CoreGraphics.framework; sourceTree = SDKROOT; };
		0F8EFB511664C06200909256 /* 万维网-Info.plist */ = {isa = PBXFileReference; lastKnownFileType = text.plist.xml; path = "万维网-Info.plist"; sourceTree = "<group>"; };
		0F8EFB531664C06200909256 /* en */ = {isa = PBXFileReference; lastKnownFileType = text.plist.strings; name = en; path = en.lproj/InfoPlist.strings; sourceTree = "<group>"; };
		0F8EFB551664C06200909256 /* main.m */ = {isa = PBXFileReference; lastKnownFileType = sourcecode.c.objc; path = main.m; sourceTree = "<group>"; };
		0F8EFB571664C06200909256 /* 万维网-Prefix.pch */ = {isa = PBXFileReference; lastKnownFileType = sourcecode.c.h; path = "万维网-Prefix.pch"; sourceTree = "<group>"; };
		0F8EFB581664C06200909256 /* AppDelegate.h */ = {isa = PBXFileReference; lastKnownFileType = sourcecode.c.h; path = AppDelegate.h; sourceTree = "<group>"; };
		0F8EFB591664C06200909256 /* AppDelegate.m */ = {isa = PBXFileReference; lastKnownFileType = sourcecode.c.objc; path = AppDelegate.m; sourceTree = "<group>"; };
		0F8EFB711664D66E00909256 /* addM.png */ = {isa = PBXFileReference; lastKnownFileType = image.png; path = addM.png; sourceTree = "<group>"; };
		0F8EFB721664D66E00909256 /* buycar.png */ = {isa = PBXFileReference; lastKnownFileType = image.png; path = buycar.png; sourceTree = "<group>"; };
		0F8EFB741664D66E00909256 /* back.png */ = {isa = PBXFileReference; lastKnownFileType = image.png; path = back.png; sourceTree = "<group>"; };
		0F8EFB751664D66E00909256 /* cart.png */ = {isa = PBXFileReference; lastKnownFileType = image.png; path = cart.png; sourceTree = "<group>"; };
		0F8EFB761664D66E00909256 /* detailbutton.png */ = {isa = PBXFileReference; lastKnownFileType = image.png; path = detailbutton.png; sourceTree = "<group>"; };
		0F8EFB771664D66E00909256 /* jiankong.png */ = {isa = PBXFileReference; lastKnownFileType = image.png; path = jiankong.png; sourceTree = "<group>"; };
		0F8EFB781664D66E00909256 /* jianpan.png */ = {isa = PBXFileReference; lastKnownFileType = image.png; path = jianpan.png; sourceTree = "<group>"; };
		0F8EFB791664D66E00909256 /* keep.png */ = {isa = PBXFileReference; lastKnownFileType = image.png; path = keep.png; sourceTree = "<group>"; };
		0F8EFB7B1664D66E00909256 /* background_more.png */ = {isa = PBXFileReference; lastKnownFileType = image.png; path = background_more.png; sourceTree = "<group>"; };
		0F8EFB7C1664D66E00909256 /* rightbutton_more.png */ = {isa = PBXFileReference; lastKnownFileType = image.png; path = rightbutton_more.png; sourceTree = "<group>"; };
		0F8EFB7D1664D66E00909256 /* search_more.png */ = {isa = PBXFileReference; lastKnownFileType = image.png; path = search_more.png; sourceTree = "<group>"; };
		0F8EFB7E1664D66E00909256 /* search_more_1.png */ = {isa = PBXFileReference; lastKnownFileType = image.png; path = search_more_1.png; sourceTree = "<group>"; };
		0F8EFB7F1664D66E00909256 /* suffbutton_more.png */ = {isa = PBXFileReference; lastKnownFileType = image.png; path = suffbutton_more.png; sourceTree = "<group>"; };
		0F8EFB801664D66E00909256 /* notselected.png */ = {isa = PBXFileReference; lastKnownFileType = image.png; path = notselected.png; sourceTree = "<group>"; };
		0F8EFB821664D66E00909256 /* background_one.png */ = {isa = PBXFileReference; lastKnownFileType = image.png; path = background_one.png; sourceTree = "<group>"; };
		0F8EFB831664D66E00909256 /* backimage_one.png */ = {isa = PBXFileReference; lastKnownFileType = image.png; path = backimage_one.png; sourceTree = "<group>"; };
		0F8EFB841664D66E00909256 /* button_one.png */ = {isa = PBXFileReference; lastKnownFileType = image.png; path = button_one.png; sourceTree = "<group>"; };
		0F8EFB851664D66E00909256 /* monit.png */ = {isa = PBXFileReference; lastKnownFileType = image.png; path = monit.png; sourceTree = "<group>"; };
		0F8EFB861664D66E00909256 /* result_one.png */ = {isa = PBXFileReference; lastKnownFileType = image.png; path = result_one.png; sourceTree = "<group>"; };
		0F8EFB871664D66E00909256 /* rightbutton.png */ = {isa = PBXFileReference; lastKnownFileType = image.png; path = rightbutton.png; sourceTree = "<group>"; };
		0F8EFB881664D66E00909256 /* seachbox.png */ = {isa = PBXFileReference; lastKnownFileType = image.png; path = seachbox.png; sourceTree = "<group>"; };
		0F8EFB891664D66E00909256 /* searchbar.png */ = {isa = PBXFileReference; lastKnownFileType = image.png; path = searchbar.png; sourceTree = "<group>"; };
		0F8EFB8A1664D66E00909256 /* selected.png */ = {isa = PBXFileReference; lastKnownFileType = image.png; path = selected.png; sourceTree = "<group>"; };
		0F8EFB8B1664D66E00909256 /* top.png */ = {isa = PBXFileReference; lastKnownFileType = image.png; path = top.png; sourceTree = "<group>"; };
		0F8EFB8D1664D66E00909256 /* Default.png */ = {isa = PBXFileReference; lastKnownFileType = image.png; path = Default.png; sourceTree = "<group>"; };
		0F8EFB8E1664D66E00909256 /* Default@2x.png */ = {isa = PBXFileReference; lastKnownFileType = image.png; path = "Default@2x.png"; sourceTree = "<group>"; };
		0F8EFB8F1664D66E00909256 /* denglu.png */ = {isa = PBXFileReference; lastKnownFileType = image.png; path = denglu.png; sourceTree = "<group>"; };
		0F8EFB911664D66E00909256 /* domain_add.png */ = {isa = PBXFileReference; lastKnownFileType = image.png; path = domain_add.png; sourceTree = "<group>"; };
		0F8EFB921664D66E00909256 /* domain_addbutton.png */ = {isa = PBXFileReference; lastKnownFileType = image.png; path = domain_addbutton.png; sourceTree = "<group>"; };
		0F8EFB931664D66E00909256 /* domain_bt.png */ = {isa = PBXFileReference; lastKnownFileType = image.png; path = domain_bt.png; sourceTree = "<group>"; };
		0F8EFB941664D66E00909256 /* domain_change.png */ = {isa = PBXFileReference; lastKnownFileType = image.png; path = domain_change.png; sourceTree = "<group>"; };
		0F8EFB951664D66E00909256 /* domain_changebutton.png */ = {isa = PBXFileReference; lastKnownFileType = image.png; path = domain_changebutton.png; sourceTree = "<group>"; };
		0F8EFB961664D66E00909256 /* domain_delbutton.png */ = {isa = PBXFileReference; lastKnownFileType = image.png; path = domain_delbutton.png; sourceTree = "<group>"; };
		0F8EFB971664D66E00909256 /* domain_head.png */ = {isa = PBXFileReference; lastKnownFileType = image.png; path = domain_head.png; sourceTree = "<group>"; };
		0F8EFB981664D66E00909256 /* domain_topground.png */ = {isa = PBXFileReference; lastKnownFileType = image.png; path = domain_topground.png; sourceTree = "<group>"; };
		0F8EFB991664D66E00909256 /* fu1.png */ = {isa = PBXFileReference; lastKnownFileType = image.png; path = fu1.png; sourceTree = "<group>"; };
		0F8EFB9A1664D66E00909256 /* fu2.png */ = {isa = PBXFileReference; lastKnownFileType = image.png; path = fu2.png; sourceTree = "<group>"; };
		0F8EFB9B1664D66E00909256 /* fu3.png */ = {isa = PBXFileReference; lastKnownFileType = image.png; path = fu3.png; sourceTree = "<group>"; };
		0F8EFB9C1664D66E00909256 /* fu4.png */ = {isa = PBXFileReference; lastKnownFileType = image.png; path = fu4.png; sourceTree = "<group>"; };
		0F8EFB9D1664D66E00909256 /* fu5.png */ = {isa = PBXFileReference; lastKnownFileType = image.png; path = fu5.png; sourceTree = "<group>"; };
		0F8EFB9E1664D66E00909256 /* fu6.png */ = {isa = PBXFileReference; lastKnownFileType = image.png; path = fu6.png; sourceTree = "<group>"; };
		0F8EFBA01664D66E00909256 /* background_home.png */ = {isa = PBXFileReference; lastKnownFileType = image.png; path = background_home.png; sourceTree = "<group>"; };
		0F8EFBA11664D66E00909256 /* check_home.png */ = {isa = PBXFileReference; lastKnownFileType = image.png; path = check_home.png; sourceTree = "<group>"; };
		0F8EFBA21664D66E00909256 /* con_home.png */ = {isa = PBXFileReference; lastKnownFileType = image.png; path = con_home.png; sourceTree = "<group>"; };
		0F8EFBA31664D66E00909256 /* exam_home.png */ = {isa = PBXFileReference; lastKnownFileType = image.png; path = exam_home.png; sourceTree = "<group>"; };
		0F8EFBA41664D66E00909256 /* infor_home.png */ = {isa = PBXFileReference; lastKnownFileType = image.png; path = infor_home.png; sourceTree = "<group>"; };
		0F8EFBA51664D66E00909256 /* monitor_home.png */ = {isa = PBXFileReference; lastKnownFileType = image.png; path = monitor_home.png; sourceTree = "<group>"; };
		0F8EFBA61664D66E00909256 /* scoll_home.png */ = {isa = PBXFileReference; lastKnownFileType = image.png; path = scoll_home.png; sourceTree = "<group>"; };
		0F8EFBA71664D66E00909256 /* seting_home.png */ = {isa = PBXFileReference; lastKnownFileType = image.png; path = seting_home.png; sourceTree = "<group>"; };
		0F8EFBA91664D66E00909256 /* Icon-72.png */ = {isa = PBXFileReference; lastKnownFileType = image.png; path = "Icon-72.png"; sourceTree = "<group>"; };
		0F8EFBAA1664D66E00909256 /* Icon-72@2x.png */ = {isa = PBXFileReference; lastKnownFileType = image.png; path = "Icon-72@2x.png"; sourceTree = "<group>"; };
		0F8EFBAB1664D66E00909256 /* Icon-Small.png */ = {isa = PBXFileReference; lastKnownFileType = image.png; path = "Icon-Small.png"; sourceTree = "<group>"; };
		0F8EFBAC1664D66E00909256 /* Icon-Small@2x.png */ = {isa = PBXFileReference; lastKnownFileType = image.png; path = "Icon-Small@2x.png"; sourceTree = "<group>"; };
		0F8EFBAD1664D66E00909256 /* Icon.png */ = {isa = PBXFileReference; lastKnownFileType = image.png; path = Icon.png; sourceTree = "<group>"; };
		0F8EFBAE1664D66E00909256 /* Icon@2x.png */ = {isa = PBXFileReference; lastKnownFileType = image.png; path = "Icon@2x.png"; sourceTree = "<group>"; };
		0F8EFBB01664D66E00909256 /* 按下.png */ = {isa = PBXFileReference; lastKnownFileType = image.png; path = "按下.png"; sourceTree = "<group>"; };
		0F8EFBB11664D66E00909256 /* 按钮.png */ = {isa = PBXFileReference; lastKnownFileType = image.png; path = "按钮.png"; sourceTree = "<group>"; };
		0F8EFBB21664D66E00909256 /* 按钮2.png */ = {isa = PBXFileReference; lastKnownFileType = image.png; path = "按钮2.png"; sourceTree = "<group>"; };
		0F8EFBB31664D66E00909256 /* 文件.png */ = {isa = PBXFileReference; lastKnownFileType = image.png; path = "文件.png"; sourceTree = "<group>"; };
		0F8EFBB41664D66E00909256 /* 横条2.png */ = {isa = PBXFileReference; lastKnownFileType = image.png; path = "横条2.png"; sourceTree = "<group>"; };
		0F8EFBB51664D66E00909256 /* 横条背景.png */ = {isa = PBXFileReference; lastKnownFileType = image.png; path = "横条背景.png"; sourceTree = "<group>"; };
		0F8EFBB71664D66E00909256 /* login_background.png */ = {isa = PBXFileReference; lastKnownFileType = image.png; path = login_background.png; sourceTree = "<group>"; };
		0F8EFBB81664D66E00909256 /* login_box.png */ = {isa = PBXFileReference; lastKnownFileType = image.png; path = login_box.png; sourceTree = "<group>"; };
		0F8EFBB91664D66E00909256 /* login_button.png */ = {isa = PBXFileReference; lastKnownFileType = image.png; path = login_button.png; sourceTree = "<group>"; };
		0F8EFBBA1664D66E00909256 /* login_down.png */ = {isa = PBXFileReference; lastKnownFileType = image.png; path = login_down.png; sourceTree = "<group>"; };
		0F8EFBBB1664D66E00909256 /* 叹号.png */ = {isa = PBXFileReference; lastKnownFileType = image.png; path = "叹号.png"; sourceTree = "<group>"; };
		0F8EFBBC1664D66E00909256 /* 问号.png */ = {isa = PBXFileReference; lastKnownFileType = image.png; path = "问号.png"; sourceTree = "<group>"; };
		0F8EFBBD1664D66E00909256 /* monitormore.png */ = {isa = PBXFileReference; lastKnownFileType = image.png; path = monitormore.png; sourceTree = "<group>"; };
		0F8EFBBE1664D66E00909256 /* searchbg.png */ = {isa = PBXFileReference; lastKnownFileType = image.png; path = searchbg.png; sourceTree = "<group>"; };
		0F8EFBBF1664D66E00909256 /* searchkkk.png */ = {isa = PBXFileReference; lastKnownFileType = image.png; path = searchkkk.png; sourceTree = "<group>"; };
		0F8EFBC11664D66E00909256 /* canceled.png */ = {isa = PBXFileReference; lastKnownFileType = image.png; path = canceled.png; sourceTree = "<group>"; };
		0F8EFBC21664D66E00909256 /* delete_history.png */ = {isa = PBXFileReference; lastKnownFileType = image.png; path = delete_history.png; sourceTree = "<group>"; };
		0F8EFBC31664D66E00909256 /* set_box.png */ = {isa = PBXFileReference; lastKnownFileType = image.png; path = set_box.png; sourceTree = "<group>"; };
		0F8EFBC41664D66E00909256 /* set_chbutton.png */ = {isa = PBXFileReference; lastKnownFileType = image.png; path = set_chbutton.png; sourceTree = "<group>"; };
		0F8EFBC51664D66E00909256 /* set_logo.png */ = {isa = PBXFileReference; lastKnownFileType = image.png; path = set_logo.png; sourceTree = "<group>"; };
		0F8EFBC61664D66E00909256 /* set_refview.png */ = {isa = PBXFileReference; lastKnownFileType = image.png; path = set_refview.png; sourceTree = "<group>"; };
		0F8EFBC71664D66E00909256 /* set_view.png */ = {isa = PBXFileReference; lastKnownFileType = image.png; path = set_view.png; sourceTree = "<group>"; };
		0F8EFBC81664D66E00909256 /* slogan.png */ = {isa = PBXFileReference; lastKnownFileType = image.png; path = slogan.png; sourceTree = "<group>"; };
		0F8EFBC91664D66E00909256 /* 多域名查询白框.png */ = {isa = PBXFileReference; lastKnownFileType = image.png; path = "多域名查询白框.png"; sourceTree = "<group>"; };
		0F8EFBCB1664D66E00909256 /* suffix_background.png */ = {isa = PBXFileReference; lastKnownFileType = image.png; path = suffix_background.png; sourceTree = "<group>"; };
		0F8EFBCC1664D66E00909256 /* suffix_line.png */ = {isa = PBXFileReference; lastKnownFileType = image.png; path = suffix_line.png; sourceTree = "<group>"; };
		0F8EFBCD1664D66E00909256 /* suffix_notselected.png */ = {isa = PBXFileReference; lastKnownFileType = image.png; path = suffix_notselected.png; sourceTree = "<group>"; };
		0F8EFBCE1664D66E00909256 /* suffix_selected.png */ = {isa = PBXFileReference; lastKnownFileType = image.png; path = suffix_selected.png; sourceTree = "<group>"; };
		0F8EFBD01664D66E00909256 /* smile.png */ = {isa = PBXFileReference; lastKnownFileType = image.png; path = smile.png; sourceTree = "<group>"; };
		0F8EFBD11664D66E00909256 /* test_button.png */ = {isa = PBXFileReference; lastKnownFileType = image.png; path = test_button.png; sourceTree = "<group>"; };
		0F8EFBD21664D66E00909256 /* test_detal.png */ = {isa = PBXFileReference; lastKnownFileType = image.png; path = test_detal.png; sourceTree = "<group>"; };
		0F8EFBD31664D66E00909256 /* test_graybutton.png */ = {isa = PBXFileReference; lastKnownFileType = image.png; path = test_graybutton.png; sourceTree = "<group>"; };
		0F8EFBD41664D66E00909256 /* test_ground.png */ = {isa = PBXFileReference; lastKnownFileType = image.png; path = test_ground.png; sourceTree = "<group>"; };
		0F8EFBD51664D66E00909256 /* test_jiankong.png */ = {isa = PBXFileReference; lastKnownFileType = image.png; path = test_jiankong.png; sourceTree = "<group>"; };
		0F8EFBD61664D66E00909256 /* test_pickground.png */ = {isa = PBXFileReference; lastKnownFileType = image.png; path = test_pickground.png; sourceTree = "<group>"; };
		0F8EFBD71664D66E00909256 /* test_return.png */ = {isa = PBXFileReference; lastKnownFileType = image.png; path = test_return.png; sourceTree = "<group>"; };
		0F8EFBD81664D66E00909256 /* test_seach.png */ = {isa = PBXFileReference; lastKnownFileType = image.png; path = test_seach.png; sourceTree = "<group>"; };
		0F8EFBD91664D66E00909256 /* test_seachback.png */ = {isa = PBXFileReference; lastKnownFileType = image.png; path = test_seachback.png; sourceTree = "<group>"; };
		0F8EFBDB1664D66E00909256 /* whois_传真.png */ = {isa = PBXFileReference; lastKnownFileType = image.png; path = "whois_传真.png"; sourceTree = "<group>"; };
		0F8EFBDC1664D66E00909256 /* whois_体检.png */ = {isa = PBXFileReference; lastKnownFileType = image.png; path = "whois_体检.png"; sourceTree = "<group>"; };
		0F8EFBDD1664D66E00909256 /* whois_单位.png */ = {isa = PBXFileReference; lastKnownFileType = image.png; path = "whois_单位.png"; sourceTree = "<group>"; };
		0F8EFBDE1664D66E00909256 /* whois_地址.png */ = {isa = PBXFileReference; lastKnownFileType = image.png; path = "whois_地址.png"; sourceTree = "<group>"; };
		0F8EFBDF1664D66E00909256 /* whois_域名.png */ = {isa = PBXFileReference; lastKnownFileType = image.png; path = "whois_域名.png"; sourceTree = "<group>"; };
		0F8EFBE01664D66E00909256 /* whois_收藏图标.png */ = {isa = PBXFileReference; lastKnownFileType = image.png; path = "whois_收藏图标.png"; sourceTree = "<group>"; };
		0F8EFBE11664D66E00909256 /* whois_时间.png */ = {isa = PBXFileReference; lastKnownFileType = image.png; path = "whois_时间.png"; sourceTree = "<group>"; };
		0F8EFBE21664D66E00909256 /* whois_服务器.png */ = {isa = PBXFileReference; lastKnownFileType = image.png; path = "whois_服务器.png"; sourceTree = "<group>"; };
		0F8EFBE31664D66E00909256 /* whois_注册人姓名.png */ = {isa = PBXFileReference; lastKnownFileType = image.png; path = "whois_注册人姓名.png"; sourceTree = "<group>"; };
		0F8EFBE41664D66E00909256 /* whois_注册商.png */ = {isa = PBXFileReference; lastKnownFileType = image.png; path = "whois_注册商.png"; sourceTree = "<group>"; };
		0F8EFBE51664D66E00909256 /* whois_状态.png */ = {isa = PBXFileReference; lastKnownFileType = image.png; path = "whois_状态.png"; sourceTree = "<group>"; };
		0F8EFBE61664D66E00909256 /* whois_电话.png */ = {isa = PBXFileReference; lastKnownFileType = image.png; path = "whois_电话.png"; sourceTree = "<group>"; };
		0F8EFBE71664D66E00909256 /* whois_背景.png */ = {isa = PBXFileReference; lastKnownFileType = image.png; path = "whois_背景.png"; sourceTree = "<group>"; };
		0F8EFBE81664D66E00909256 /* whois_输入框.png */ = {isa = PBXFileReference; lastKnownFileType = image.png; path = "whois_输入框.png"; sourceTree = "<group>"; };
		0F8EFBE91664D66E00909256 /* whois_邮箱.png */ = {isa = PBXFileReference; lastKnownFileType = image.png; path = "whois_邮箱.png"; sourceTree = "<group>"; };
		0F8EFBEA1664D66E00909256 /* 右侧按钮.png */ = {isa = PBXFileReference; lastKnownFileType = image.png; path = "右侧按钮.png"; sourceTree = "<group>"; };
		0F8EFBEC1664D66E00909256 /* set_delallbutton.png */ = {isa = PBXFileReference; lastKnownFileType = image.png; path = set_delallbutton.png; sourceTree = "<group>"; };
		0F8EFBED1664D66E00909256 /* set_downbutton.png */ = {isa = PBXFileReference; lastKnownFileType = image.png; path = set_downbutton.png; sourceTree = "<group>"; };
		0F8EFBEE1664D66E00909256 /* set_titlebutton.png */ = {isa = PBXFileReference; lastKnownFileType = image.png; path = set_titlebutton.png; sourceTree = "<group>"; };
		0F8EFBEF1664D66E00909256 /* 消息推送按钮.png */ = {isa = PBXFileReference; lastKnownFileType = image.png; path = "消息推送按钮.png"; sourceTree = "<group>"; };
		0F8EFBF01664D66E00909256 /* 消息推送按钮on.png */ = {isa = PBXFileReference; lastKnownFileType = image.png; path = "消息推送按钮on.png"; sourceTree = "<group>"; };
		0F8EFBF11664D66E00909256 /* 收藏.png */ = {isa = PBXFileReference; lastKnownFileType = image.png; path = "收藏.png"; sourceTree = "<group>"; };
		0F8EFBF21664D66E00909256 /* 监控按钮.png */ = {isa = PBXFileReference; lastKnownFileType = image.png; path = "监控按钮.png"; sourceTree = "<group>"; };
		0F8EFBF31664D66E00909256 /* 编辑.png */ = {isa = PBXFileReference; lastKnownFileType = image.png; path = "编辑.png"; sourceTree = "<group>"; };
		0F8EFBF41664D66E00909256 /* 背景.png */ = {isa = PBXFileReference; lastKnownFileType = image.png; path = "背景.png"; sourceTree = "<group>"; };
		0F8EFBF51664D66E00909256 /* 返回按钮.png */ = {isa = PBXFileReference; lastKnownFileType = image.png; path = "返回按钮.png"; sourceTree = "<group>"; };
		0F8EFC6E1664D86A00909256 /* VIewController.h */ = {isa = PBXFileReference; fileEncoding = 4; lastKnownFileType = sourcecode.c.h; path = VIewController.h; sourceTree = "<group>"; };
		0F8EFC6F1664D86A00909256 /* VIewController.m */ = {isa = PBXFileReference; fileEncoding = 4; lastKnownFileType = sourcecode.c.objc; path = VIewController.m; sourceTree = "<group>"; };
		0F8EFC711664D8F800909256 /* iCarousel.m */ = {isa = PBXFileReference; fileEncoding = 4; lastKnownFileType = sourcecode.c.objc; path = iCarousel.m; sourceTree = "<group>"; };
		0F8EFC731664D90600909256 /* iCarousel.h */ = {isa = PBXFileReference; fileEncoding = 4; lastKnownFileType = sourcecode.c.h; path = iCarousel.h; sourceTree = "<group>"; };
		0F8EFC741664D93E00909256 /* QuartzCore.framework */ = {isa = PBXFileReference; lastKnownFileType = wrapper.framework; name = QuartzCore.framework; path = System/Library/Frameworks/QuartzCore.framework; sourceTree = SDKROOT; };
		0F8FD0DC1665BBC200572E6D /* YumingVXC.h */ = {isa = PBXFileReference; fileEncoding = 4; lastKnownFileType = sourcecode.c.h; path = YumingVXC.h; sourceTree = "<group>"; };
		0F8FD0DD1665BBC200572E6D /* YumingVXC.m */ = {isa = PBXFileReference; fileEncoding = 4; lastKnownFileType = sourcecode.c.objc; path = YumingVXC.m; sourceTree = "<group>"; };
		0F8FD0DE1665BBC200572E6D /* YumingVXC.xib */ = {isa = PBXFileReference; fileEncoding = 4; lastKnownFileType = file.xib; path = YumingVXC.xib; sourceTree = "<group>"; };
		0F8FD0E11665BBF600572E6D /* ZixunVC.h */ = {isa = PBXFileReference; fileEncoding = 4; lastKnownFileType = sourcecode.c.h; path = ZixunVC.h; sourceTree = "<group>"; };
		0F8FD0E21665BBF600572E6D /* ZixunVC.m */ = {isa = PBXFileReference; fileEncoding = 4; lastKnownFileType = sourcecode.c.objc; path = ZixunVC.m; sourceTree = "<group>"; };
		0F8FD0E31665BBF600572E6D /* ZixunVC.xib */ = {isa = PBXFileReference; fileEncoding = 4; lastKnownFileType = file.xib; path = ZixunVC.xib; sourceTree = "<group>"; };
		0F8FD0EB1665BC3200572E6D /* GuanliVC.h */ = {isa = PBXFileReference; fileEncoding = 4; lastKnownFileType = sourcecode.c.h; path = GuanliVC.h; sourceTree = "<group>"; };
		0F8FD0EC1665BC3200572E6D /* GuanliVC.m */ = {isa = PBXFileReference; fileEncoding = 4; lastKnownFileType = sourcecode.c.objc; path = GuanliVC.m; sourceTree = "<group>"; };
		0F8FD0ED1665BC3200572E6D /* GuanliVC.xib */ = {isa = PBXFileReference; fileEncoding = 4; lastKnownFileType = file.xib; path = GuanliVC.xib; sourceTree = "<group>"; };
		0F8FD0F01665BC4800572E6D /* CaxunVC.h */ = {isa = PBXFileReference; fileEncoding = 4; lastKnownFileType = sourcecode.c.h; path = CaxunVC.h; sourceTree = "<group>"; };
		0F8FD0F11665BC4800572E6D /* CaxunVC.m */ = {isa = PBXFileReference; fileEncoding = 4; lastKnownFileType = sourcecode.c.objc; path = CaxunVC.m; sourceTree = "<group>"; };
		0F8FD0F21665BC4800572E6D /* CaxunVC.xib */ = {isa = PBXFileReference; fileEncoding = 4; lastKnownFileType = file.xib; path = CaxunVC.xib; sourceTree = "<group>"; };
		0F8FD0F51665BC6600572E6D /* ShezhiVC.h */ = {isa = PBXFileReference; fileEncoding = 4; lastKnownFileType = sourcecode.c.h; path = ShezhiVC.h; sourceTree = "<group>"; };
		0F8FD0F61665BC6600572E6D /* ShezhiVC.m */ = {isa = PBXFileReference; fileEncoding = 4; lastKnownFileType = sourcecode.c.objc; path = ShezhiVC.m; sourceTree = "<group>"; };
		0F8FD0F71665BC6600572E6D /* ShezhiVC.xib */ = {isa = PBXFileReference; fileEncoding = 4; lastKnownFileType = file.xib; path = ShezhiVC.xib; sourceTree = "<group>"; };
		0F8FD0FA1665C76800572E6D /* TijianVC.h */ = {isa = PBXFileReference; fileEncoding = 4; lastKnownFileType = sourcecode.c.h; path = TijianVC.h; sourceTree = "<group>"; };
		0F8FD0FB1665C76800572E6D /* TijianVC.m */ = {isa = PBXFileReference; fileEncoding = 4; lastKnownFileType = sourcecode.c.objc; path = TijianVC.m; sourceTree = "<group>"; };
		0F8FD0FC1665C76800572E6D /* TijianVC.xib */ = {isa = PBXFileReference; fileEncoding = 4; lastKnownFileType = file.xib; path = TijianVC.xib; sourceTree = "<group>"; };
/* End PBXFileReference section */

/* Begin PBXFrameworksBuildPhase section */
		0F8EFB421664C06200909256 /* Frameworks */ = {
			isa = PBXFrameworksBuildPhase;
			buildActionMask = 2147483647;
			files = (
				0F8EFC751664D93F00909256 /* QuartzCore.framework in Frameworks */,
				0F8EFB4A1664C06200909256 /* UIKit.framework in Frameworks */,
				0F8EFB4C1664C06200909256 /* Foundation.framework in Frameworks */,
				0F8EFB4E1664C06200909256 /* CoreGraphics.framework in Frameworks */,
			);
			runOnlyForDeploymentPostprocessing = 0;
		};
/* End PBXFrameworksBuildPhase section */

/* Begin PBXGroup section */
		0F05DD99166724B4001F600C /* SBJSON */ = {
			isa = PBXGroup;
			children = (
				0F05DD9A166724B4001F600C /* JSON.h */,
				0F05DD9B166724B4001F600C /* NSObject+SBJSON.h */,
				0F05DD9C166724B4001F600C /* NSObject+SBJSON.m */,
				0F05DD9D166724B4001F600C /* NSString+SBJSON.h */,
				0F05DD9E166724B4001F600C /* NSString+SBJSON.m */,
				0F05DD9F166724B4001F600C /* SBJSON.h */,
				0F05DDA0166724B4001F600C /* SBJSON.m */,
				0F05DDA1166724B4001F600C /* SBJsonBase.h */,
				0F05DDA2166724B4001F600C /* SBJsonBase.m */,
				0F05DDA3166724B4001F600C /* SBJsonParser.h */,
				0F05DDA4166724B4001F600C /* SBJsonParser.m */,
				0F05DDA5166724B4001F600C /* SBJsonWriter.h */,
				0F05DDA6166724B4001F600C /* SBJsonWriter.m */,
			);
			path = SBJSON;
			sourceTree = "<group>";
		};
		0F8EFB3A1664C06200909256 = {
			isa = PBXGroup;
			children = (
				0F05DD99166724B4001F600C /* SBJSON */,
				0F8EFB701664D66E00909256 /* images */,
				0F8EFB4F1664C06200909256 /* 万维网 */,
				0F8EFB481664C06200909256 /* Frameworks */,
				0F8EFB461664C06200909256 /* Products */,
			);
			sourceTree = "<group>";
		};
		0F8EFB461664C06200909256 /* Products */ = {
			isa = PBXGroup;
			children = (
				0F8EFB451664C06200909256 /* 万维网.app */,
			);
			name = Products;
			sourceTree = "<group>";
		};
		0F8EFB481664C06200909256 /* Frameworks */ = {
			isa = PBXGroup;
			children = (
				0F8EFC741664D93E00909256 /* QuartzCore.framework */,
				0F8EFB491664C06200909256 /* UIKit.framework */,
				0F8EFB4B1664C06200909256 /* Foundation.framework */,
				0F8EFB4D1664C06200909256 /* CoreGraphics.framework */,
			);
			name = Frameworks;
			sourceTree = "<group>";
		};
		0F8EFB4F1664C06200909256 /* 万维网 */ = {
			isa = PBXGroup;
			children = (
				0F8FD0DA1665BBA100572E6D /* New Group */,
				0F8EFB581664C06200909256 /* AppDelegate.h */,
				0F8EFB591664C06200909256 /* AppDelegate.m */,
				0F8EFC6E1664D86A00909256 /* VIewController.h */,
				0F8EFC6F1664D86A00909256 /* VIewController.m */,
				0F8EFC731664D90600909256 /* iCarousel.h */,
				0F8EFC711664D8F800909256 /* iCarousel.m */,
				0F8EFB501664C06200909256 /* Supporting Files */,
			);
			path = "万维网";
			sourceTree = "<group>";
		};
		0F8EFB501664C06200909256 /* Supporting Files */ = {
			isa = PBXGroup;
			children = (
				0F8EFB511664C06200909256 /* 万维网-Info.plist */,
				0F8EFB521664C06200909256 /* InfoPlist.strings */,
				0F8EFB551664C06200909256 /* main.m */,
				0F8EFB571664C06200909256 /* 万维网-Prefix.pch */,
			);
			name = "Supporting Files";
			sourceTree = "<group>";
		};
		0F8EFB701664D66E00909256 /* images */ = {
			isa = PBXGroup;
			children = (
				0F8EFB711664D66E00909256 /* addM.png */,
				0F8EFB721664D66E00909256 /* buycar.png */,
				0F8EFB731664D66E00909256 /* check */,
				0F8EFB8C1664D66E00909256 /* default */,
				0F8EFB8F1664D66E00909256 /* denglu.png */,
				0F8EFB901664D66E00909256 /* domain */,
				0F8EFB991664D66E00909256 /* fu1.png */,
				0F8EFB9A1664D66E00909256 /* fu2.png */,
				0F8EFB9B1664D66E00909256 /* fu3.png */,
				0F8EFB9C1664D66E00909256 /* fu4.png */,
				0F8EFB9D1664D66E00909256 /* fu5.png */,
				0F8EFB9E1664D66E00909256 /* fu6.png */,
				0F8EFB9F1664D66E00909256 /* home */,
				0F8EFBA81664D66E00909256 /* icon */,
				0F8EFBAF1664D66E00909256 /* informain */,
				0F8EFBB61664D66E00909256 /* loginpic */,
				0F8EFBBD1664D66E00909256 /* monitormore.png */,
				0F8EFBBE1664D66E00909256 /* searchbg.png */,
				0F8EFBBF1664D66E00909256 /* searchkkk.png */,
				0F8EFBC01664D66E00909256 /* setting */,
				0F8EFBCA1664D66E00909256 /* suffix */,
				0F8EFBCF1664D66E00909256 /* test */,
				0F8EFBDA1664D66E00909256 /* whois */,
				0F8EFBEB1664D66E00909256 /* XIN */,
				0F8EFBF11664D66E00909256 /* 收藏.png */,
				0F8EFBF21664D66E00909256 /* 监控按钮.png */,
				0F8EFBF31664D66E00909256 /* 编辑.png */,
				0F8EFBF41664D66E00909256 /* 背景.png */,
				0F8EFBF51664D66E00909256 /* 返回按钮.png */,
			);
			path = images;
			sourceTree = "<group>";
		};
		0F8EFB731664D66E00909256 /* check */ = {
			isa = PBXGroup;
			children = (
				0F8EFB741664D66E00909256 /* back.png */,
				0F8EFB751664D66E00909256 /* cart.png */,
				0F8EFB761664D66E00909256 /* detailbutton.png */,
				0F8EFB771664D66E00909256 /* jiankong.png */,
				0F8EFB781664D66E00909256 /* jianpan.png */,
				0F8EFB791664D66E00909256 /* keep.png */,
				0F8EFB7A1664D66E00909256 /* more */,
				0F8EFB801664D66E00909256 /* notselected.png */,
				0F8EFB811664D66E00909256 /* one */,
				0F8EFB871664D66E00909256 /* rightbutton.png */,
				0F8EFB881664D66E00909256 /* seachbox.png */,
				0F8EFB891664D66E00909256 /* searchbar.png */,
				0F8EFB8A1664D66E00909256 /* selected.png */,
				0F8EFB8B1664D66E00909256 /* top.png */,
			);
			path = check;
			sourceTree = "<group>";
		};
		0F8EFB7A1664D66E00909256 /* more */ = {
			isa = PBXGroup;
			children = (
				0F8EFB7B1664D66E00909256 /* background_more.png */,
				0F8EFB7C1664D66E00909256 /* rightbutton_more.png */,
				0F8EFB7D1664D66E00909256 /* search_more.png */,
				0F8EFB7E1664D66E00909256 /* search_more_1.png */,
				0F8EFB7F1664D66E00909256 /* suffbutton_more.png */,
			);
			path = more;
			sourceTree = "<group>";
		};
		0F8EFB811664D66E00909256 /* one */ = {
			isa = PBXGroup;
			children = (
				0F8EFB821664D66E00909256 /* background_one.png */,
				0F8EFB831664D66E00909256 /* backimage_one.png */,
				0F8EFB841664D66E00909256 /* button_one.png */,
				0F8EFB851664D66E00909256 /* monit.png */,
				0F8EFB861664D66E00909256 /* result_one.png */,
			);
			path = one;
			sourceTree = "<group>";
		};
		0F8EFB8C1664D66E00909256 /* default */ = {
			isa = PBXGroup;
			children = (
				0F8EFB8D1664D66E00909256 /* Default.png */,
				0F8EFB8E1664D66E00909256 /* Default@2x.png */,
			);
			path = default;
			sourceTree = "<group>";
		};
		0F8EFB901664D66E00909256 /* domain */ = {
			isa = PBXGroup;
			children = (
				0F8EFB911664D66E00909256 /* domain_add.png */,
				0F8EFB921664D66E00909256 /* domain_addbutton.png */,
				0F8EFB931664D66E00909256 /* domain_bt.png */,
				0F8EFB941664D66E00909256 /* domain_change.png */,
				0F8EFB951664D66E00909256 /* domain_changebutton.png */,
				0F8EFB961664D66E00909256 /* domain_delbutton.png */,
				0F8EFB971664D66E00909256 /* domain_head.png */,
				0F8EFB981664D66E00909256 /* domain_topground.png */,
			);
			path = domain;
			sourceTree = "<group>";
		};
		0F8EFB9F1664D66E00909256 /* home */ = {
			isa = PBXGroup;
			children = (
				0F8EFBA01664D66E00909256 /* background_home.png */,
				0F8EFBA11664D66E00909256 /* check_home.png */,
				0F8EFBA21664D66E00909256 /* con_home.png */,
				0F8EFBA31664D66E00909256 /* exam_home.png */,
				0F8EFBA41664D66E00909256 /* infor_home.png */,
				0F8EFBA51664D66E00909256 /* monitor_home.png */,
				0F8EFBA61664D66E00909256 /* scoll_home.png */,
				0F8EFBA71664D66E00909256 /* seting_home.png */,
			);
			path = home;
			sourceTree = "<group>";
		};
		0F8EFBA81664D66E00909256 /* icon */ = {
			isa = PBXGroup;
			children = (
				0F8EFBA91664D66E00909256 /* Icon-72.png */,
				0F8EFBAA1664D66E00909256 /* Icon-72@2x.png */,
				0F8EFBAB1664D66E00909256 /* Icon-Small.png */,
				0F8EFBAC1664D66E00909256 /* Icon-Small@2x.png */,
				0F8EFBAD1664D66E00909256 /* Icon.png */,
				0F8EFBAE1664D66E00909256 /* Icon@2x.png */,
			);
			path = icon;
			sourceTree = "<group>";
		};
		0F8EFBAF1664D66E00909256 /* informain */ = {
			isa = PBXGroup;
			children = (
				0F8EFBB01664D66E00909256 /* 按下.png */,
				0F8EFBB11664D66E00909256 /* 按钮.png */,
				0F8EFBB21664D66E00909256 /* 按钮2.png */,
				0F8EFBB31664D66E00909256 /* 文件.png */,
				0F8EFBB41664D66E00909256 /* 横条2.png */,
				0F8EFBB51664D66E00909256 /* 横条背景.png */,
			);
			path = informain;
			sourceTree = "<group>";
		};
		0F8EFBB61664D66E00909256 /* loginpic */ = {
			isa = PBXGroup;
			children = (
				0F8EFBB71664D66E00909256 /* login_background.png */,
				0F8EFBB81664D66E00909256 /* login_box.png */,
				0F8EFBB91664D66E00909256 /* login_button.png */,
				0F8EFBBA1664D66E00909256 /* login_down.png */,
				0F8EFBBB1664D66E00909256 /* 叹号.png */,
				0F8EFBBC1664D66E00909256 /* 问号.png */,
			);
			path = loginpic;
			sourceTree = "<group>";
		};
		0F8EFBC01664D66E00909256 /* setting */ = {
			isa = PBXGroup;
			children = (
				0F8EFBC11664D66E00909256 /* canceled.png */,
				0F8EFBC21664D66E00909256 /* delete_history.png */,
				0F8EFBC31664D66E00909256 /* set_box.png */,
				0F8EFBC41664D66E00909256 /* set_chbutton.png */,
				0F8EFBC51664D66E00909256 /* set_logo.png */,
				0F8EFBC61664D66E00909256 /* set_refview.png */,
				0F8EFBC71664D66E00909256 /* set_view.png */,
				0F8EFBC81664D66E00909256 /* slogan.png */,
				0F8EFBC91664D66E00909256 /* 多域名查询白框.png */,
			);
			path = setting;
			sourceTree = "<group>";
		};
		0F8EFBCA1664D66E00909256 /* suffix */ = {
			isa = PBXGroup;
			children = (
				0F8EFBCB1664D66E00909256 /* suffix_background.png */,
				0F8EFBCC1664D66E00909256 /* suffix_line.png */,
				0F8EFBCD1664D66E00909256 /* suffix_notselected.png */,
				0F8EFBCE1664D66E00909256 /* suffix_selected.png */,
			);
			path = suffix;
			sourceTree = "<group>";
		};
		0F8EFBCF1664D66E00909256 /* test */ = {
			isa = PBXGroup;
			children = (
				0F8EFBD01664D66E00909256 /* smile.png */,
				0F8EFBD11664D66E00909256 /* test_button.png */,
				0F8EFBD21664D66E00909256 /* test_detal.png */,
				0F8EFBD31664D66E00909256 /* test_graybutton.png */,
				0F8EFBD41664D66E00909256 /* test_ground.png */,
				0F8EFBD51664D66E00909256 /* test_jiankong.png */,
				0F8EFBD61664D66E00909256 /* test_pickground.png */,
				0F8EFBD71664D66E00909256 /* test_return.png */,
				0F8EFBD81664D66E00909256 /* test_seach.png */,
				0F8EFBD91664D66E00909256 /* test_seachback.png */,
			);
			path = test;
			sourceTree = "<group>";
		};
		0F8EFBDA1664D66E00909256 /* whois */ = {
			isa = PBXGroup;
			children = (
				0F8EFBDB1664D66E00909256 /* whois_传真.png */,
				0F8EFBDC1664D66E00909256 /* whois_体检.png */,
				0F8EFBDD1664D66E00909256 /* whois_单位.png */,
				0F8EFBDE1664D66E00909256 /* whois_地址.png */,
				0F8EFBDF1664D66E00909256 /* whois_域名.png */,
				0F8EFBE01664D66E00909256 /* whois_收藏图标.png */,
				0F8EFBE11664D66E00909256 /* whois_时间.png */,
				0F8EFBE21664D66E00909256 /* whois_服务器.png */,
				0F8EFBE31664D66E00909256 /* whois_注册人姓名.png */,
				0F8EFBE41664D66E00909256 /* whois_注册商.png */,
				0F8EFBE51664D66E00909256 /* whois_状态.png */,
				0F8EFBE61664D66E00909256 /* whois_电话.png */,
				0F8EFBE71664D66E00909256 /* whois_背景.png */,
				0F8EFBE81664D66E00909256 /* whois_输入框.png */,
				0F8EFBE91664D66E00909256 /* whois_邮箱.png */,
				0F8EFBEA1664D66E00909256 /* 右侧按钮.png */,
			);
			path = whois;
			sourceTree = "<group>";
		};
		0F8EFBEB1664D66E00909256 /* XIN */ = {
			isa = PBXGroup;
			children = (
				0F8EFBEC1664D66E00909256 /* set_delallbutton.png */,
				0F8EFBED1664D66E00909256 /* set_downbutton.png */,
				0F8EFBEE1664D66E00909256 /* set_titlebutton.png */,
				0F8EFBEF1664D66E00909256 /* 消息推送按钮.png */,
				0F8EFBF01664D66E00909256 /* 消息推送按钮on.png */,
			);
			path = XIN;
			sourceTree = "<group>";
		};
		0F8FD0DA1665BBA100572E6D /* New Group */ = {
			isa = PBXGroup;
			children = (
				0F8FD0DC1665BBC200572E6D /* YumingVXC.h */,
				0F8FD0DD1665BBC200572E6D /* YumingVXC.m */,
				0F8FD0DE1665BBC200572E6D /* YumingVXC.xib */,
				0F8FD0E11665BBF600572E6D /* ZixunVC.h */,
				0F8FD0E21665BBF600572E6D /* ZixunVC.m */,
				0F8FD0E31665BBF600572E6D /* ZixunVC.xib */,
				0F8FD0EB1665BC3200572E6D /* GuanliVC.h */,
				0F8FD0EC1665BC3200572E6D /* GuanliVC.m */,
				0F8FD0ED1665BC3200572E6D /* GuanliVC.xib */,
				0F8FD0F01665BC4800572E6D /* CaxunVC.h */,
				0F8FD0F11665BC4800572E6D /* CaxunVC.m */,
				0F8FD0F21665BC4800572E6D /* CaxunVC.xib */,
				0F8FD0F51665BC6600572E6D /* ShezhiVC.h */,
				0F8FD0F61665BC6600572E6D /* ShezhiVC.m */,
				0F8FD0F71665BC6600572E6D /* ShezhiVC.xib */,
				0F8FD0FA1665C76800572E6D /* TijianVC.h */,
				0F8FD0FB1665C76800572E6D /* TijianVC.m */,
				0F8FD0FC1665C76800572E6D /* TijianVC.xib */,
				0F05DD891667134F001F600C /* MyCell.h */,
				0F05DD8A1667134F001F600C /* MyCell.m */,
			);
			name = "New Group";
			sourceTree = "<group>";
		};
/* End PBXGroup section */

/* Begin PBXNativeTarget section */
		0F8EFB441664C06200909256 /* 万维网 */ = {
			isa = PBXNativeTarget;
			buildConfigurationList = 0F8EFB5D1664C06200909256 /* Build configuration list for PBXNativeTarget "万维网" */;
			buildPhases = (
				0F8EFB411664C06200909256 /* Sources */,
				0F8EFB421664C06200909256 /* Frameworks */,
				0F8EFB431664C06200909256 /* Resources */,
			);
			buildRules = (
			);
			dependencies = (
			);
			name = "万维网";
			productName = "万维网";
			productReference = 0F8EFB451664C06200909256 /* 万维网.app */;
			productType = "com.apple.product-type.application";
		};
/* End PBXNativeTarget section */

/* Begin PBXProject section */
		0F8EFB3C1664C06200909256 /* Project object */ = {
			isa = PBXProject;
			attributes = {
				LastUpgradeCheck = 0420;
			};
			buildConfigurationList = 0F8EFB3F1664C06200909256 /* Build configuration list for PBXProject "万维网" */;
			compatibilityVersion = "Xcode 3.2";
			developmentRegion = English;
			hasScannedForEncodings = 0;
			knownRegions = (
				en,
			);
			mainGroup = 0F8EFB3A1664C06200909256;
			productRefGroup = 0F8EFB461664C06200909256 /* Products */;
			projectDirPath = "";
			projectRoot = "";
			targets = (
				0F8EFB441664C06200909256 /* 万维网 */,
			);
		};
/* End PBXProject section */

/* Begin PBXResourcesBuildPhase section */
		0F8EFB431664C06200909256 /* Resources */ = {
			isa = PBXResourcesBuildPhase;
			buildActionMask = 2147483647;
			files = (
				0F8EFB541664C06200909256 /* InfoPlist.strings in Resources */,
				0F8EFBF61664D66E00909256 /* addM.png in Resources */,
				0F8EFBF71664D66E00909256 /* buycar.png in Resources */,
				0F8EFBF81664D66E00909256 /* back.png in Resources */,
				0F8EFBF91664D66E00909256 /* cart.png in Resources */,
				0F8EFBFA1664D66E00909256 /* detailbutton.png in Resources */,
				0F8EFBFB1664D66E00909256 /* jiankong.png in Resources */,
				0F8EFBFC1664D66E00909256 /* jianpan.png in Resources */,
				0F8EFBFD1664D66E00909256 /* keep.png in Resources */,
				0F8EFBFE1664D66E00909256 /* background_more.png in Resources */,
				0F8EFBFF1664D66E00909256 /* rightbutton_more.png in Resources */,
				0F8EFC001664D66E00909256 /* search_more.png in Resources */,
				0F8EFC011664D66E00909256 /* search_more_1.png in Resources */,
				0F8EFC021664D66E00909256 /* suffbutton_more.png in Resources */,
				0F8EFC031664D66E00909256 /* notselected.png in Resources */,
				0F8EFC041664D66E00909256 /* background_one.png in Resources */,
				0F8EFC051664D66E00909256 /* backimage_one.png in Resources */,
				0F8EFC061664D66E00909256 /* button_one.png in Resources */,
				0F8EFC071664D66E00909256 /* monit.png in Resources */,
				0F8EFC081664D66E00909256 /* result_one.png in Resources */,
				0F8EFC091664D66E00909256 /* rightbutton.png in Resources */,
				0F8EFC0A1664D66E00909256 /* seachbox.png in Resources */,
				0F8EFC0B1664D66E00909256 /* searchbar.png in Resources */,
				0F8EFC0C1664D66E00909256 /* selected.png in Resources */,
				0F8EFC0D1664D66E00909256 /* top.png in Resources */,
				0F8EFC0E1664D66E00909256 /* Default.png in Resources */,
				0F8EFC0F1664D66E00909256 /* Default@2x.png in Resources */,
				0F8EFC101664D66E00909256 /* denglu.png in Resources */,
				0F8EFC111664D66E00909256 /* domain_add.png in Resources */,
				0F8EFC121664D66E00909256 /* domain_addbutton.png in Resources */,
				0F8EFC131664D66E00909256 /* domain_bt.png in Resources */,
				0F8EFC141664D66E00909256 /* domain_change.png in Resources */,
				0F8EFC151664D66E00909256 /* domain_changebutton.png in Resources */,
				0F8EFC161664D66E00909256 /* domain_delbutton.png in Resources */,
				0F8EFC171664D66E00909256 /* domain_head.png in Resources */,
				0F8EFC181664D66E00909256 /* domain_topground.png in Resources */,
				0F8EFC191664D66E00909256 /* fu1.png in Resources */,
				0F8EFC1A1664D66E00909256 /* fu2.png in Resources */,
				0F8EFC1B1664D66E00909256 /* fu3.png in Resources */,
				0F8EFC1C1664D66E00909256 /* fu4.png in Resources */,
				0F8EFC1D1664D66E00909256 /* fu5.png in Resources */,
				0F8EFC1E1664D66E00909256 /* fu6.png in Resources */,
				0F8EFC1F1664D66E00909256 /* background_home.png in Resources */,
				0F8EFC201664D66E00909256 /* check_home.png in Resources */,
				0F8EFC211664D66E00909256 /* con_home.png in Resources */,
				0F8EFC221664D66E00909256 /* exam_home.png in Resources */,
				0F8EFC231664D66E00909256 /* infor_home.png in Resources */,
				0F8EFC241664D66E00909256 /* monitor_home.png in Resources */,
				0F8EFC251664D66E00909256 /* scoll_home.png in Resources */,
				0F8EFC261664D66E00909256 /* seting_home.png in Resources */,
				0F8EFC271664D66E00909256 /* Icon-72.png in Resources */,
				0F8EFC281664D66E00909256 /* Icon-72@2x.png in Resources */,
				0F8EFC291664D66E00909256 /* Icon-Small.png in Resources */,
				0F8EFC2A1664D66E00909256 /* Icon-Small@2x.png in Resources */,
				0F8EFC2B1664D66E00909256 /* Icon.png in Resources */,
				0F8EFC2C1664D66E00909256 /* Icon@2x.png in Resources */,
				0F8EFC2D1664D66E00909256 /* 按下.png in Resources */,
				0F8EFC2E1664D66E00909256 /* 按钮.png in Resources */,
				0F8EFC2F1664D66E00909256 /* 按钮2.png in Resources */,
				0F8EFC301664D66E00909256 /* 文件.png in Resources */,
				0F8EFC311664D66E00909256 /* 横条2.png in Resources */,
				0F8EFC321664D66E00909256 /* 横条背景.png in Resources */,
				0F8EFC331664D66E00909256 /* login_background.png in Resources */,
				0F8EFC341664D66E00909256 /* login_box.png in Resources */,
				0F8EFC351664D66E00909256 /* login_button.png in Resources */,
				0F8EFC361664D66E00909256 /* login_down.png in Resources */,
				0F8EFC371664D66E00909256 /* 叹号.png in Resources */,
				0F8EFC381664D66E00909256 /* 问号.png in Resources */,
				0F8EFC391664D66E00909256 /* monitormore.png in Resources */,
				0F8EFC3A1664D66E00909256 /* searchbg.png in Resources */,
				0F8EFC3B1664D66E00909256 /* searchkkk.png in Resources */,
				0F8EFC3C1664D66E00909256 /* canceled.png in Resources */,
				0F8EFC3D1664D66E00909256 /* delete_history.png in Resources */,
				0F8EFC3E1664D66E00909256 /* set_box.png in Resources */,
				0F8EFC3F1664D66E00909256 /* set_chbutton.png in Resources */,
				0F8EFC401664D66E00909256 /* set_logo.png in Resources */,
				0F8EFC411664D66E00909256 /* set_refview.png in Resources */,
				0F8EFC421664D66E00909256 /* set_view.png in Resources */,
				0F8EFC431664D66E00909256 /* slogan.png in Resources */,
				0F8EFC441664D66E00909256 /* 多域名查询白框.png in Resources */,
				0F8EFC451664D66E00909256 /* suffix_background.png in Resources */,
				0F8EFC461664D66E00909256 /* suffix_line.png in Resources */,
				0F8EFC471664D66E00909256 /* suffix_notselected.png in Resources */,
				0F8EFC481664D66E00909256 /* suffix_selected.png in Resources */,
				0F8EFC491664D66E00909256 /* smile.png in Resources */,
				0F8EFC4A1664D66E00909256 /* test_button.png in Resources */,
				0F8EFC4B1664D66E00909256 /* test_detal.png in Resources */,
				0F8EFC4C1664D66E00909256 /* test_graybutton.png in Resources */,
				0F8EFC4D1664D66E00909256 /* test_ground.png in Resources */,
				0F8EFC4E1664D66E00909256 /* test_jiankong.png in Resources */,
				0F8EFC4F1664D66E00909256 /* test_pickground.png in Resources */,
				0F8EFC501664D66E00909256 /* test_return.png in Resources */,
				0F8EFC511664D66E00909256 /* test_seach.png in Resources */,
				0F8EFC521664D66E00909256 /* test_seachback.png in Resources */,
				0F8EFC531664D66E00909256 /* whois_传真.png in Resources */,
				0F8EFC541664D66E00909256 /* whois_体检.png in Resources */,
				0F8EFC551664D66E00909256 /* whois_单位.png in Resources */,
				0F8EFC561664D66E00909256 /* whois_地址.png in Resources */,
				0F8EFC571664D66E00909256 /* whois_域名.png in Resources */,
				0F8EFC581664D66E00909256 /* whois_收藏图标.png in Resources */,
				0F8EFC591664D66E00909256 /* whois_时间.png in Resources */,
				0F8EFC5A1664D66E00909256 /* whois_服务器.png in Resources */,
				0F8EFC5B1664D66E00909256 /* whois_注册人姓名.png in Resources */,
				0F8EFC5C1664D66E00909256 /* whois_注册商.png in Resources */,
				0F8EFC5D1664D66E00909256 /* whois_状态.png in Resources */,
				0F8EFC5E1664D66E00909256 /* whois_电话.png in Resources */,
				0F8EFC5F1664D66E00909256 /* whois_背景.png in Resources */,
				0F8EFC601664D66E00909256 /* whois_输入框.png in Resources */,
				0F8EFC611664D66E00909256 /* whois_邮箱.png in Resources */,
				0F8EFC621664D66E00909256 /* 右侧按钮.png in Resources */,
				0F8EFC631664D66E00909256 /* set_delallbutton.png in Resources */,
				0F8EFC641664D66E00909256 /* set_downbutton.png in Resources */,
				0F8EFC651664D66E00909256 /* set_titlebutton.png in Resources */,
				0F8EFC661664D66E00909256 /* 消息推送按钮.png in Resources */,
				0F8EFC671664D66E00909256 /* 消息推送按钮on.png in Resources */,
				0F8EFC681664D66E00909256 /* 收藏.png in Resources */,
				0F8EFC691664D66E00909256 /* 监控按钮.png in Resources */,
				0F8EFC6A1664D66E00909256 /* 编辑.png in Resources */,
				0F8EFC6B1664D66E00909256 /* 背景.png in Resources */,
				0F8EFC6C1664D66E00909256 /* 返回按钮.png in Resources */,
				0F8FD0E01665BBC200572E6D /* YumingVXC.xib in Resources */,
				0F8FD0E51665BBF600572E6D /* ZixunVC.xib in Resources */,
				0F8FD0EF1665BC3200572E6D /* GuanliVC.xib in Resources */,
				0F8FD0F41665BC4800572E6D /* CaxunVC.xib in Resources */,
				0F8FD0F91665BC6600572E6D /* ShezhiVC.xib in Resources */,
				0F8FD0FE1665C76800572E6D /* TijianVC.xib in Resources */,
			);
			runOnlyForDeploymentPostprocessing = 0;
		};
/* End PBXResourcesBuildPhase section */

/* Begin PBXSourcesBuildPhase section */
		0F8EFB411664C06200909256 /* Sources */ = {
			isa = PBXSourcesBuildPhase;
			buildActionMask = 2147483647;
			files = (
				0F8EFB561664C06200909256 /* main.m in Sources */,
				0F8EFB5A1664C06200909256 /* AppDelegate.m in Sources */,
				0F8EFC701664D86A00909256 /* VIewController.m in Sources */,
				0F8EFC721664D8F800909256 /* iCarousel.m in Sources */,
				0F8FD0DF1665BBC200572E6D /* YumingVXC.m in Sources */,
				0F8FD0E41665BBF600572E6D /* ZixunVC.m in Sources */,
				0F8FD0EE1665BC3200572E6D /* GuanliVC.m in Sources */,
				0F8FD0F31665BC4800572E6D /* CaxunVC.m in Sources */,
				0F8FD0F81665BC6600572E6D /* ShezhiVC.m in Sources */,
				0F8FD0FD1665C76800572E6D /* TijianVC.m in Sources */,
				0F05DD8B1667134F001F600C /* MyCell.m in Sources */,
				0F05DDA7166724B4001F600C /* NSObject+SBJSON.m in Sources */,
				0F05DDA8166724B4001F600C /* NSString+SBJSON.m in Sources */,
				0F05DDA9166724B4001F600C /* SBJSON.m in Sources */,
				0F05DDAA166724B4001F600C /* SBJsonBase.m in Sources */,
				0F05DDAB166724B4001F600C /* SBJsonParser.m in Sources */,
				0F05DDAC166724B4001F600C /* SBJsonWriter.m in Sources */,
			);
			runOnlyForDeploymentPostprocessing = 0;
		};
/* End PBXSourcesBuildPhase section */

/* Begin PBXVariantGroup section */
		0F8EFB521664C06200909256 /* InfoPlist.strings */ = {
			isa = PBXVariantGroup;
			children = (
				0F8EFB531664C06200909256 /* en */,
			);
			name = InfoPlist.strings;
			sourceTree = "<group>";
		};
/* End PBXVariantGroup section */

/* Begin XCBuildConfiguration section */
		0F8EFB5B1664C06200909256 /* Debug */ = {
			isa = XCBuildConfiguration;
			buildSettings = {
				ALWAYS_SEARCH_USER_PATHS = NO;
				ARCHS = "$(ARCHS_STANDARD_32_BIT)";
				"CODE_SIGN_IDENTITY[sdk=iphoneos*]" = "iPhone Developer";
				COPY_PHASE_STRIP = NO;
				GCC_C_LANGUAGE_STANDARD = gnu99;
				GCC_DYNAMIC_NO_PIC = NO;
				GCC_OPTIMIZATION_LEVEL = 0;
				GCC_PREPROCESSOR_DEFINITIONS = (
					"DEBUG=1",
					"$(inherited)",
				);
				GCC_SYMBOLS_PRIVATE_EXTERN = NO;
				GCC_VERSION = com.apple.compilers.llvm.clang.1_0;
				GCC_WARN_ABOUT_MISSING_PROTOTYPES = YES;
				GCC_WARN_ABOUT_RETURN_TYPE = YES;
				GCC_WARN_UNUSED_VARIABLE = YES;
				IPHONEOS_DEPLOYMENT_TARGET = 5.0;
				SDKROOT = iphoneos;
			};
			name = Debug;
		};
		0F8EFB5C1664C06200909256 /* Release */ = {
			isa = XCBuildConfiguration;
			buildSettings = {
				ALWAYS_SEARCH_USER_PATHS = NO;
				ARCHS = "$(ARCHS_STANDARD_32_BIT)";
				"CODE_SIGN_IDENTITY[sdk=iphoneos*]" = "iPhone Developer";
				COPY_PHASE_STRIP = YES;
				GCC_C_LANGUAGE_STANDARD = gnu99;
				GCC_VERSION = com.apple.compilers.llvm.clang.1_0;
				GCC_WARN_ABOUT_MISSING_PROTOTYPES = YES;
				GCC_WARN_ABOUT_RETURN_TYPE = YES;
				GCC_WARN_UNUSED_VARIABLE = YES;
				IPHONEOS_DEPLOYMENT_TARGET = 5.0;
				OTHER_CFLAGS = "-DNS_BLOCK_ASSERTIONS=1";
				SDKROOT = iphoneos;
				VALIDATE_PRODUCT = YES;
			};
			name = Release;
		};
		0F8EFB5E1664C06200909256 /* Debug */ = {
			isa = XCBuildConfiguration;
			buildSettings = {
				GCC_PRECOMPILE_PREFIX_HEADER = YES;
				GCC_PREFIX_HEADER = "万维网/万维网-Prefix.pch";
				INFOPLIST_FILE = "万维网/万维网-Info.plist";
				PRODUCT_NAME = "$(TARGET_NAME)";
				WRAPPER_EXTENSION = app;
			};
			name = Debug;
		};
		0F8EFB5F1664C06200909256 /* Release */ = {
			isa = XCBuildConfiguration;
			buildSettings = {
				GCC_PRECOMPILE_PREFIX_HEADER = YES;
				GCC_PREFIX_HEADER = "万维网/万维网-Prefix.pch";
				INFOPLIST_FILE = "万维网/万维网-Info.plist";
				PRODUCT_NAME = "$(TARGET_NAME)";
				WRAPPER_EXTENSION = app;
			};
			name = Release;
		};
/* End XCBuildConfiguration section */

/* Begin XCConfigurationList section */
		0F8EFB3F1664C06200909256 /* Build configuration list for PBXProject "万维网" */ = {
			isa = XCConfigurationList;
			buildConfigurations = (
				0F8EFB5B1664C06200909256 /* Debug */,
				0F8EFB5C1664C06200909256 /* Release */,
			);
			defaultConfigurationIsVisible = 0;
			defaultConfigurationName = Release;
		};
		0F8EFB5D1664C06200909256 /* Build configuration list for PBXNativeTarget "万维网" */ = {
			isa = XCConfigurationList;
			buildConfigurations = (
				0F8EFB5E1664C06200909256 /* Debug */,
				0F8EFB5F1664C06200909256 /* Release */,
			);
			defaultConfigurationIsVisible = 0;
			defaultConfigurationName = Release;
		};
/* End XCConfigurationList section */
	};
	rootObject = 0F8EFB3C1664C06200909256 /* Project object */;
}
